// !$*UTF8*$!
{
	archiveVersion = 1;
	classes = {
	};
	objectVersion = 50;
	objects = {

/* Begin PBXBuildFile section */
		987244FAE380CC929D12B933 /* Pods_APP.framework in Frameworks */ = {isa = PBXBuildFile; fileRef = C077E6A38CD65EEACC02AAB5 /* Pods_APP.framework */; };
		B47758CC20EE337100D74C30 /* BaseTabBarController.swift in Sources */ = {isa = PBXBuildFile; fileRef = B47758CB20EE337100D74C30 /* BaseTabBarController.swift */; };
		B47758CF20EE39BB00D74C30 /* BaseNavigationController.swift in Sources */ = {isa = PBXBuildFile; fileRef = B47758CE20EE39BB00D74C30 /* BaseNavigationController.swift */; };
		B47758D720EE3EA200D74C30 /* HomePageViewController.swift in Sources */ = {isa = PBXBuildFile; fileRef = B47758D620EE3EA200D74C30 /* HomePageViewController.swift */; };
		B47758DD20EE40DC00D74C30 /* HouseViewController.swift in Sources */ = {isa = PBXBuildFile; fileRef = B47758DC20EE40DC00D74C30 /* HouseViewController.swift */; };
		B47758E320EF51FB00D74C30 /* UIButtonExtension.swift in Sources */ = {isa = PBXBuildFile; fileRef = B47758E220EF51FB00D74C30 /* UIButtonExtension.swift */; };
		B47758E520F34C7200D74C30 /* BaseRequest.swift in Sources */ = {isa = PBXBuildFile; fileRef = B47758E420F34C7200D74C30 /* BaseRequest.swift */; };
		B49A29322137915E00551684 /* ControllerExtension.swift in Sources */ = {isa = PBXBuildFile; fileRef = B49A29312137915E00551684 /* ControllerExtension.swift */; };
		B49A29342137917C00551684 /* ViewExtension.swift in Sources */ = {isa = PBXBuildFile; fileRef = B49A29332137917C00551684 /* ViewExtension.swift */; };
		B4B05DAB213D382A00BC3F4A /* TableViewExtension.swift in Sources */ = {isa = PBXBuildFile; fileRef = B4B05DAA213D382A00BC3F4A /* TableViewExtension.swift */; };
		B4B05DAD213FB77B00BC3F4A /* BaseTabBarItemContentView.swift in Sources */ = {isa = PBXBuildFile; fileRef = B4B05DAC213FB77B00BC3F4A /* BaseTabBarItemContentView.swift */; };
		B4CB1F7420F7672400C7C65D /* APP_PCH.swift in Sources */ = {isa = PBXBuildFile; fileRef = B4CB1F7320F7672400C7C65D /* APP_PCH.swift */; };
		B4E5418420BEA7E200646D5F /* AppDelegate.swift in Sources */ = {isa = PBXBuildFile; fileRef = B4E5418320BEA7E200646D5F /* AppDelegate.swift */; };
		B4E5418620BEA7E200646D5F /* ViewController.swift in Sources */ = {isa = PBXBuildFile; fileRef = B4E5418520BEA7E200646D5F /* ViewController.swift */; };
		B4E5418B20BEA7E300646D5F /* Assets.xcassets in Resources */ = {isa = PBXBuildFile; fileRef = B4E5418A20BEA7E300646D5F /* Assets.xcassets */; };
		B4E5418E20BEA7E300646D5F /* LaunchScreen.storyboard in Resources */ = {isa = PBXBuildFile; fileRef = B4E5418C20BEA7E300646D5F /* LaunchScreen.storyboard */; };
		B4E5419920BEA7E300646D5F /* APPTests.swift in Sources */ = {isa = PBXBuildFile; fileRef = B4E5419820BEA7E300646D5F /* APPTests.swift */; };
		B4E541A420BEA7E300646D5F /* APPUITests.swift in Sources */ = {isa = PBXBuildFile; fileRef = B4E541A320BEA7E300646D5F /* APPUITests.swift */; };
/* End PBXBuildFile section */

/* Begin PBXContainerItemProxy section */
		B4E5419520BEA7E300646D5F /* PBXContainerItemProxy */ = {
			isa = PBXContainerItemProxy;
			containerPortal = B4E5417820BEA7E200646D5F /* Project object */;
			proxyType = 1;
			remoteGlobalIDString = B4E5417F20BEA7E200646D5F;
			remoteInfo = APP;
		};
		B4E541A020BEA7E300646D5F /* PBXContainerItemProxy */ = {
			isa = PBXContainerItemProxy;
			containerPortal = B4E5417820BEA7E200646D5F /* Project object */;
			proxyType = 1;
			remoteGlobalIDString = B4E5417F20BEA7E200646D5F;
			remoteInfo = APP;
		};
/* End PBXContainerItemProxy section */

/* Begin PBXFileReference section */
		79E1BD5B15020D91428C4CE9 /* Pods-APP.release.xcconfig */ = {isa = PBXFileReference; includeInIndex = 1; lastKnownFileType = text.xcconfig; name = "Pods-APP.release.xcconfig"; path = "Pods/Target Support Files/Pods-APP/Pods-APP.release.xcconfig"; sourceTree = "<group>"; };
		B47758CB20EE337100D74C30 /* BaseTabBarController.swift */ = {isa = PBXFileReference; lastKnownFileType = sourcecode.swift; path = BaseTabBarController.swift; sourceTree = "<group>"; };
		B47758CE20EE39BB00D74C30 /* BaseNavigationController.swift */ = {isa = PBXFileReference; lastKnownFileType = sourcecode.swift; path = BaseNavigationController.swift; sourceTree = "<group>"; };
		B47758D620EE3EA200D74C30 /* HomePageViewController.swift */ = {isa = PBXFileReference; lastKnownFileType = sourcecode.swift; path = HomePageViewController.swift; sourceTree = "<group>"; };
		B47758DC20EE40DC00D74C30 /* HouseViewController.swift */ = {isa = PBXFileReference; lastKnownFileType = sourcecode.swift; path = HouseViewController.swift; sourceTree = "<group>"; };
		B47758E220EF51FB00D74C30 /* UIButtonExtension.swift */ = {isa = PBXFileReference; lastKnownFileType = sourcecode.swift; path = UIButtonExtension.swift; sourceTree = "<group>"; };
		B47758E420F34C7200D74C30 /* BaseRequest.swift */ = {isa = PBXFileReference; lastKnownFileType = sourcecode.swift; path = BaseRequest.swift; sourceTree = "<group>"; };
		B49A29312137915E00551684 /* ControllerExtension.swift */ = {isa = PBXFileReference; lastKnownFileType = sourcecode.swift; path = ControllerExtension.swift; sourceTree = "<group>"; };
		B49A29332137917C00551684 /* ViewExtension.swift */ = {isa = PBXFileReference; lastKnownFileType = sourcecode.swift; path = ViewExtension.swift; sourceTree = "<group>"; };
		B4B05DAA213D382A00BC3F4A /* TableViewExtension.swift */ = {isa = PBXFileReference; lastKnownFileType = sourcecode.swift; path = TableViewExtension.swift; sourceTree = "<group>"; };
		B4B05DAC213FB77B00BC3F4A /* BaseTabBarItemContentView.swift */ = {isa = PBXFileReference; lastKnownFileType = sourcecode.swift; path = BaseTabBarItemContentView.swift; sourceTree = "<group>"; };
		B4CB1F7320F7672400C7C65D /* APP_PCH.swift */ = {isa = PBXFileReference; lastKnownFileType = sourcecode.swift; path = APP_PCH.swift; sourceTree = "<group>"; };
		B4E5418020BEA7E200646D5F /* APP.app */ = {isa = PBXFileReference; explicitFileType = wrapper.application; includeInIndex = 0; path = APP.app; sourceTree = BUILT_PRODUCTS_DIR; };
		B4E5418320BEA7E200646D5F /* AppDelegate.swift */ = {isa = PBXFileReference; lastKnownFileType = sourcecode.swift; path = AppDelegate.swift; sourceTree = "<group>"; };
		B4E5418520BEA7E200646D5F /* ViewController.swift */ = {isa = PBXFileReference; lastKnownFileType = sourcecode.swift; path = ViewController.swift; sourceTree = "<group>"; };
		B4E5418A20BEA7E300646D5F /* Assets.xcassets */ = {isa = PBXFileReference; lastKnownFileType = folder.assetcatalog; path = Assets.xcassets; sourceTree = "<group>"; };
		B4E5418D20BEA7E300646D5F /* Base */ = {isa = PBXFileReference; lastKnownFileType = file.storyboard; name = Base; path = Base.lproj/LaunchScreen.storyboard; sourceTree = "<group>"; };
		B4E5418F20BEA7E300646D5F /* Info.plist */ = {isa = PBXFileReference; lastKnownFileType = text.plist.xml; path = Info.plist; sourceTree = "<group>"; };
		B4E5419420BEA7E300646D5F /* APPTests.xctest */ = {isa = PBXFileReference; explicitFileType = wrapper.cfbundle; includeInIndex = 0; path = APPTests.xctest; sourceTree = BUILT_PRODUCTS_DIR; };
		B4E5419820BEA7E300646D5F /* APPTests.swift */ = {isa = PBXFileReference; lastKnownFileType = sourcecode.swift; path = APPTests.swift; sourceTree = "<group>"; };
		B4E5419A20BEA7E300646D5F /* Info.plist */ = {isa = PBXFileReference; lastKnownFileType = text.plist.xml; path = Info.plist; sourceTree = "<group>"; };
		B4E5419F20BEA7E300646D5F /* APPUITests.xctest */ = {isa = PBXFileReference; explicitFileType = wrapper.cfbundle; includeInIndex = 0; path = APPUITests.xctest; sourceTree = BUILT_PRODUCTS_DIR; };
		B4E541A320BEA7E300646D5F /* APPUITests.swift */ = {isa = PBXFileReference; lastKnownFileType = sourcecode.swift; path = APPUITests.swift; sourceTree = "<group>"; };
		B4E541A520BEA7E300646D5F /* Info.plist */ = {isa = PBXFileReference; lastKnownFileType = text.plist.xml; path = Info.plist; sourceTree = "<group>"; };
		B7F157EFDBFD1C674003C78C /* Pods-APP.debug.xcconfig */ = {isa = PBXFileReference; includeInIndex = 1; lastKnownFileType = text.xcconfig; name = "Pods-APP.debug.xcconfig"; path = "Pods/Target Support Files/Pods-APP/Pods-APP.debug.xcconfig"; sourceTree = "<group>"; };
		C077E6A38CD65EEACC02AAB5 /* Pods_APP.framework */ = {isa = PBXFileReference; explicitFileType = wrapper.framework; includeInIndex = 0; path = Pods_APP.framework; sourceTree = BUILT_PRODUCTS_DIR; };
/* End PBXFileReference section */

/* Begin PBXFrameworksBuildPhase section */
		B4E5417D20BEA7E200646D5F /* Frameworks */ = {
			isa = PBXFrameworksBuildPhase;
			buildActionMask = 2147483647;
			files = (
				987244FAE380CC929D12B933 /* Pods_APP.framework in Frameworks */,
			);
			runOnlyForDeploymentPostprocessing = 0;
		};
		B4E5419120BEA7E300646D5F /* Frameworks */ = {
			isa = PBXFrameworksBuildPhase;
			buildActionMask = 2147483647;
			files = (
			);
			runOnlyForDeploymentPostprocessing = 0;
		};
		B4E5419C20BEA7E300646D5F /* Frameworks */ = {
			isa = PBXFrameworksBuildPhase;
			buildActionMask = 2147483647;
			files = (
			);
			runOnlyForDeploymentPostprocessing = 0;
		};
/* End PBXFrameworksBuildPhase section */

/* Begin PBXGroup section */
		30428D65D5C925616DD0FF94 /* Frameworks */ = {
			isa = PBXGroup;
			children = (
				C077E6A38CD65EEACC02AAB5 /* Pods_APP.framework */,
			);
			name = Frameworks;
			sourceTree = "<group>";
		};
		980A622D079A27F6CAD2A707 /* Pods */ = {
			isa = PBXGroup;
			children = (
				B7F157EFDBFD1C674003C78C /* Pods-APP.debug.xcconfig */,
				79E1BD5B15020D91428C4CE9 /* Pods-APP.release.xcconfig */,
			);
			name = Pods;
			sourceTree = "<group>";
		};
		B47758B920EDDF5200D74C30 /* Base */ = {
			isa = PBXGroup;
			children = (
				B47758E420F34C7200D74C30 /* BaseRequest.swift */,
			);
			path = Base;
			sourceTree = "<group>";
		};
		B47758C720EE312A00D74C30 /* Classes */ = {
			isa = PBXGroup;
			children = (
				B47758D020EE3E3A00D74C30 /* House */,
				B47758D120EE3E4300D74C30 /* HomePage */,
			);
			path = Classes;
			sourceTree = "<group>";
		};
		B47758C820EE313B00D74C30 /* TabBar */ = {
			isa = PBXGroup;
			children = (
				B47758CB20EE337100D74C30 /* BaseTabBarController.swift */,
				B4B05DAC213FB77B00BC3F4A /* BaseTabBarItemContentView.swift */,
			);
			path = TabBar;
			sourceTree = "<group>";
		};
		B47758CD20EE39A100D74C30 /* Navigation */ = {
			isa = PBXGroup;
			children = (
				B47758CE20EE39BB00D74C30 /* BaseNavigationController.swift */,
			);
			path = Navigation;
			sourceTree = "<group>";
		};
		B47758D020EE3E3A00D74C30 /* House */ = {
			isa = PBXGroup;
			children = (
				B47758D820EE40AE00D74C30 /* Controller */,
			);
			path = House;
			sourceTree = "<group>";
		};
		B47758D120EE3E4300D74C30 /* HomePage */ = {
			isa = PBXGroup;
			children = (
				B47758D220EE3E5800D74C30 /* Controller */,
			);
			path = HomePage;
			sourceTree = "<group>";
		};
		B47758D220EE3E5800D74C30 /* Controller */ = {
			isa = PBXGroup;
			children = (
				B47758D620EE3EA200D74C30 /* HomePageViewController.swift */,
			);
			path = Controller;
			sourceTree = "<group>";
		};
		B47758D820EE40AE00D74C30 /* Controller */ = {
			isa = PBXGroup;
			children = (
				B47758DC20EE40DC00D74C30 /* HouseViewController.swift */,
			);
			path = Controller;
			sourceTree = "<group>";
		};
		B47758DE20EF4E6900D74C30 /* AppDelegate */ = {
			isa = PBXGroup;
			children = (
				B4E5418320BEA7E200646D5F /* AppDelegate.swift */,
				B4E5418520BEA7E200646D5F /* ViewController.swift */,
			);
			path = AppDelegate;
			sourceTree = "<group>";
		};
		B47758DF20EF4E7E00D74C30 /* Source */ = {
			isa = PBXGroup;
			children = (
				B4E5418A20BEA7E300646D5F /* Assets.xcassets */,
				B4E5418C20BEA7E300646D5F /* LaunchScreen.storyboard */,
				B4E5418F20BEA7E300646D5F /* Info.plist */,
			);
			path = Source;
			sourceTree = "<group>";
		};
		B47758E020EF519500D74C30 /* Core */ = {
			isa = PBXGroup;
			children = (
				B47758C820EE313B00D74C30 /* TabBar */,
				B47758CD20EE39A100D74C30 /* Navigation */,
				B47758B920EDDF5200D74C30 /* Base */,
				B47758E120EF51BD00D74C30 /* Extensions */,
				B4CB1F7020F7557D00C7C65D /* Config */,
			);
			path = Core;
			sourceTree = "<group>";
		};
		B47758E120EF51BD00D74C30 /* Extensions */ = {
			isa = PBXGroup;
			children = (
				B49A29312137915E00551684 /* ControllerExtension.swift */,
				B49A29332137917C00551684 /* ViewExtension.swift */,
				B4B05DAA213D382A00BC3F4A /* TableViewExtension.swift */,
				B47758E220EF51FB00D74C30 /* UIButtonExtension.swift */,
			);
			path = Extensions;
			sourceTree = "<group>";
		};
		B4CB1F7020F7557D00C7C65D /* Config */ = {
			isa = PBXGroup;
			children = (
				B4CB1F7320F7672400C7C65D /* APP_PCH.swift */,
			);
			path = Config;
			sourceTree = "<group>";
		};
		B4E5417720BEA7E200646D5F = {
			isa = PBXGroup;
			children = (
				B4E5418220BEA7E200646D5F /* APP */,
				B4E5419720BEA7E300646D5F /* APPTests */,
				B4E541A220BEA7E300646D5F /* APPUITests */,
				B4E5418120BEA7E200646D5F /* Products */,
				980A622D079A27F6CAD2A707 /* Pods */,
				30428D65D5C925616DD0FF94 /* Frameworks */,
			);
			sourceTree = "<group>";
		};
		B4E5418120BEA7E200646D5F /* Products */ = {
			isa = PBXGroup;
			children = (
				B4E5418020BEA7E200646D5F /* APP.app */,
				B4E5419420BEA7E300646D5F /* APPTests.xctest */,
				B4E5419F20BEA7E300646D5F /* APPUITests.xctest */,
			);
			name = Products;
			sourceTree = "<group>";
		};
		B4E5418220BEA7E200646D5F /* APP */ = {
			isa = PBXGroup;
			children = (
				B47758DE20EF4E6900D74C30 /* AppDelegate */,
				B47758E020EF519500D74C30 /* Core */,
				B47758C720EE312A00D74C30 /* Classes */,
				B47758DF20EF4E7E00D74C30 /* Source */,
			);
			path = APP;
			sourceTree = "<group>";
		};
		B4E5419720BEA7E300646D5F /* APPTests */ = {
			isa = PBXGroup;
			children = (
				B4E5419820BEA7E300646D5F /* APPTests.swift */,
				B4E5419A20BEA7E300646D5F /* Info.plist */,
			);
			path = APPTests;
			sourceTree = "<group>";
		};
		B4E541A220BEA7E300646D5F /* APPUITests */ = {
			isa = PBXGroup;
			children = (
				B4E541A320BEA7E300646D5F /* APPUITests.swift */,
				B4E541A520BEA7E300646D5F /* Info.plist */,
			);
			path = APPUITests;
			sourceTree = "<group>";
		};
/* End PBXGroup section */

/* Begin PBXNativeTarget section */
		B4E5417F20BEA7E200646D5F /* APP */ = {
			isa = PBXNativeTarget;
			buildConfigurationList = B4E541A820BEA7E300646D5F /* Build configuration list for PBXNativeTarget "APP" */;
			buildPhases = (
				11EF00DD00D53B59CDCF57F8 /* [CP] Check Pods Manifest.lock */,
				B4E5417C20BEA7E200646D5F /* Sources */,
				B4E5417D20BEA7E200646D5F /* Frameworks */,
				B4E5417E20BEA7E200646D5F /* Resources */,
				69961FFF1B8E3E32547E1296 /* [CP] Embed Pods Frameworks */,
			);
			buildRules = (
			);
			dependencies = (
			);
			name = APP;
			productName = APP;
			productReference = B4E5418020BEA7E200646D5F /* APP.app */;
			productType = "com.apple.product-type.application";
		};
		B4E5419320BEA7E300646D5F /* APPTests */ = {
			isa = PBXNativeTarget;
			buildConfigurationList = B4E541AB20BEA7E300646D5F /* Build configuration list for PBXNativeTarget "APPTests" */;
			buildPhases = (
				B4E5419020BEA7E300646D5F /* Sources */,
				B4E5419120BEA7E300646D5F /* Frameworks */,
				B4E5419220BEA7E300646D5F /* Resources */,
			);
			buildRules = (
			);
			dependencies = (
				B4E5419620BEA7E300646D5F /* PBXTargetDependency */,
			);
			name = APPTests;
			productName = APPTests;
			productReference = B4E5419420BEA7E300646D5F /* APPTests.xctest */;
			productType = "com.apple.product-type.bundle.unit-test";
		};
		B4E5419E20BEA7E300646D5F /* APPUITests */ = {
			isa = PBXNativeTarget;
			buildConfigurationList = B4E541AE20BEA7E300646D5F /* Build configuration list for PBXNativeTarget "APPUITests" */;
			buildPhases = (
				B4E5419B20BEA7E300646D5F /* Sources */,
				B4E5419C20BEA7E300646D5F /* Frameworks */,
				B4E5419D20BEA7E300646D5F /* Resources */,
			);
			buildRules = (
			);
			dependencies = (
				B4E541A120BEA7E300646D5F /* PBXTargetDependency */,
			);
			name = APPUITests;
			productName = APPUITests;
			productReference = B4E5419F20BEA7E300646D5F /* APPUITests.xctest */;
			productType = "com.apple.product-type.bundle.ui-testing";
		};
/* End PBXNativeTarget section */

/* Begin PBXProject section */
		B4E5417820BEA7E200646D5F /* Project object */ = {
			isa = PBXProject;
			attributes = {
				LastSwiftUpdateCheck = 0940;
				LastUpgradeCheck = 0940;
				ORGANIZATIONNAME = Funny;
				TargetAttributes = {
					B4E5417F20BEA7E200646D5F = {
						CreatedOnToolsVersion = 9.4;
					};
					B4E5419320BEA7E300646D5F = {
						CreatedOnToolsVersion = 9.4;
						TestTargetID = B4E5417F20BEA7E200646D5F;
					};
					B4E5419E20BEA7E300646D5F = {
						CreatedOnToolsVersion = 9.4;
						TestTargetID = B4E5417F20BEA7E200646D5F;
					};
				};
			};
			buildConfigurationList = B4E5417B20BEA7E200646D5F /* Build configuration list for PBXProject "APP" */;
			compatibilityVersion = "Xcode 9.3";
			developmentRegion = en;
			hasScannedForEncodings = 0;
			knownRegions = (
				en,
				Base,
			);
			mainGroup = B4E5417720BEA7E200646D5F;
			productRefGroup = B4E5418120BEA7E200646D5F /* Products */;
			projectDirPath = "";
			projectRoot = "";
			targets = (
				B4E5417F20BEA7E200646D5F /* APP */,
				B4E5419320BEA7E300646D5F /* APPTests */,
				B4E5419E20BEA7E300646D5F /* APPUITests */,
			);
		};
/* End PBXProject section */

/* Begin PBXResourcesBuildPhase section */
		B4E5417E20BEA7E200646D5F /* Resources */ = {
			isa = PBXResourcesBuildPhase;
			buildActionMask = 2147483647;
			files = (
				B4E5418E20BEA7E300646D5F /* LaunchScreen.storyboard in Resources */,
				B4E5418B20BEA7E300646D5F /* Assets.xcassets in Resources */,
			);
			runOnlyForDeploymentPostprocessing = 0;
		};
		B4E5419220BEA7E300646D5F /* Resources */ = {
			isa = PBXResourcesBuildPhase;
			buildActionMask = 2147483647;
			files = (
			);
			runOnlyForDeploymentPostprocessing = 0;
		};
		B4E5419D20BEA7E300646D5F /* Resources */ = {
			isa = PBXResourcesBuildPhase;
			buildActionMask = 2147483647;
			files = (
			);
			runOnlyForDeploymentPostprocessing = 0;
		};
/* End PBXResourcesBuildPhase section */

/* Begin PBXShellScriptBuildPhase section */
		11EF00DD00D53B59CDCF57F8 /* [CP] Check Pods Manifest.lock */ = {
			isa = PBXShellScriptBuildPhase;
			buildActionMask = 2147483647;
			files = (
			);
			inputPaths = (
				"${PODS_PODFILE_DIR_PATH}/Podfile.lock",
				"${PODS_ROOT}/Manifest.lock",
			);
			name = "[CP] Check Pods Manifest.lock";
			outputPaths = (
				"$(DERIVED_FILE_DIR)/Pods-APP-checkManifestLockResult.txt",
			);
			runOnlyForDeploymentPostprocessing = 0;
			shellPath = /bin/sh;
			shellScript = "diff \"${PODS_PODFILE_DIR_PATH}/Podfile.lock\" \"${PODS_ROOT}/Manifest.lock\" > /dev/null\nif [ $? != 0 ] ; then\n    # print error to STDERR\n    echo \"error: The sandbox is not in sync with the Podfile.lock. Run 'pod install' or update your CocoaPods installation.\" >&2\n    exit 1\nfi\n# This output is used by Xcode 'outputs' to avoid re-running this script phase.\necho \"SUCCESS\" > \"${SCRIPT_OUTPUT_FILE_0}\"\n";
			showEnvVarsInLog = 0;
		};
		69961FFF1B8E3E32547E1296 /* [CP] Embed Pods Frameworks */ = {
			isa = PBXShellScriptBuildPhase;
			buildActionMask = 2147483647;
			files = (
			);
			inputPaths = (
				"${SRCROOT}/Pods/Target Support Files/Pods-APP/Pods-APP-frameworks.sh",
				"${BUILT_PRODUCTS_DIR}/Alamofire/Alamofire.framework",
				"${BUILT_PRODUCTS_DIR}/Charts/Charts.framework",
				"${BUILT_PRODUCTS_DIR}/CocoaLumberjack/CocoaLumberjack.framework",
				"${BUILT_PRODUCTS_DIR}/CryptoSwift/CryptoSwift.framework",
				"${BUILT_PRODUCTS_DIR}/ESTabBarController-swift/ESTabBarController_swift.framework",
				"${BUILT_PRODUCTS_DIR}/EmptyDataSet-Swift/EmptyDataSet_Swift.framework",
				"${BUILT_PRODUCTS_DIR}/Gemini/Gemini.framework",
				"${BUILT_PRODUCTS_DIR}/Hero/Hero.framework",
				"${BUILT_PRODUCTS_DIR}/Hue/Hue.framework",
				"${BUILT_PRODUCTS_DIR}/IQKeyboardManagerSwift/IQKeyboardManagerSwift.framework",
				"${BUILT_PRODUCTS_DIR}/KeychainAccess/KeychainAccess.framework",
				"${BUILT_PRODUCTS_DIR}/Kingfisher/Kingfisher.framework",
				"${BUILT_PRODUCTS_DIR}/LTMorphingLabel/LTMorphingLabel.framework",
				"${BUILT_PRODUCTS_DIR}/MJRefresh/MJRefresh.framework",
				"${BUILT_PRODUCTS_DIR}/MarqueeLabel/MarqueeLabel.framework",
				"${BUILT_PRODUCTS_DIR}/Moya/Moya.framework",
				"${BUILT_PRODUCTS_DIR}/NotificationBannerSwift/NotificationBannerSwift.framework",
				"${BUILT_PRODUCTS_DIR}/PKHUD/PKHUD.framework",
				"${BUILT_PRODUCTS_DIR}/PhoneNumberKit/PhoneNumberKit.framework",
				"${BUILT_PRODUCTS_DIR}/QuickLayout/QuickLayout.framework",
				"${BUILT_PRODUCTS_DIR}/Result/Result.framework",
				"${BUILT_PRODUCTS_DIR}/RxCocoa/RxCocoa.framework",
				"${BUILT_PRODUCTS_DIR}/RxSwift/RxSwift.framework",
				"${BUILT_PRODUCTS_DIR}/Schedule/Schedule.framework",
				"${BUILT_PRODUCTS_DIR}/SkeletonView/SkeletonView.framework",
				"${BUILT_PRODUCTS_DIR}/SnapKit/SnapKit.framework",
				"${BUILT_PRODUCTS_DIR}/Spring/Spring.framework",
				"${BUILT_PRODUCTS_DIR}/SwiftDate/SwiftDate.framework",
				"${BUILT_PRODUCTS_DIR}/SwiftEntryKit/SwiftEntryKit.framework",
				"${BUILT_PRODUCTS_DIR}/SwiftTheme/SwiftTheme.framework",
				"${BUILT_PRODUCTS_DIR}/SwiftyAttributes/SwiftyAttributes.framework",
				"${BUILT_PRODUCTS_DIR}/SwiftyJSON/SwiftyJSON.framework",
				"${BUILT_PRODUCTS_DIR}/SwiftyUserDefaults/SwiftyUserDefaults.framework",
				"${BUILT_PRODUCTS_DIR}/SwipeCellKit/SwipeCellKit.framework",
				"${BUILT_PRODUCTS_DIR}/Toolbar/Toolbar.framework",
				"${BUILT_PRODUCTS_DIR}/ViewAnimator/ViewAnimator.framework",
				"${BUILT_PRODUCTS_DIR}/WeScan/WeScan.framework",
				"${BUILT_PRODUCTS_DIR}/Whisper/Whisper.framework",
			);
			name = "[CP] Embed Pods Frameworks";
			outputPaths = (
				"${TARGET_BUILD_DIR}/${FRAMEWORKS_FOLDER_PATH}/Alamofire.framework",
				"${TARGET_BUILD_DIR}/${FRAMEWORKS_FOLDER_PATH}/Charts.framework",
				"${TARGET_BUILD_DIR}/${FRAMEWORKS_FOLDER_PATH}/CocoaLumberjack.framework",
				"${TARGET_BUILD_DIR}/${FRAMEWORKS_FOLDER_PATH}/CryptoSwift.framework",
				"${TARGET_BUILD_DIR}/${FRAMEWORKS_FOLDER_PATH}/ESTabBarController_swift.framework",
				"${TARGET_BUILD_DIR}/${FRAMEWORKS_FOLDER_PATH}/EmptyDataSet_Swift.framework",
				"${TARGET_BUILD_DIR}/${FRAMEWORKS_FOLDER_PATH}/Gemini.framework",
				"${TARGET_BUILD_DIR}/${FRAMEWORKS_FOLDER_PATH}/Hero.framework",
				"${TARGET_BUILD_DIR}/${FRAMEWORKS_FOLDER_PATH}/Hue.framework",
				"${TARGET_BUILD_DIR}/${FRAMEWORKS_FOLDER_PATH}/IQKeyboardManagerSwift.framework",
				"${TARGET_BUILD_DIR}/${FRAMEWORKS_FOLDER_PATH}/KeychainAccess.framework",
				"${TARGET_BUILD_DIR}/${FRAMEWORKS_FOLDER_PATH}/Kingfisher.framework",
				"${TARGET_BUILD_DIR}/${FRAMEWORKS_FOLDER_PATH}/LTMorphingLabel.framework",
				"${TARGET_BUILD_DIR}/${FRAMEWORKS_FOLDER_PATH}/MJRefresh.framework",
				"${TARGET_BUILD_DIR}/${FRAMEWORKS_FOLDER_PATH}/MarqueeLabel.framework",
				"${TARGET_BUILD_DIR}/${FRAMEWORKS_FOLDER_PATH}/Moya.framework",
				"${TARGET_BUILD_DIR}/${FRAMEWORKS_FOLDER_PATH}/NotificationBannerSwift.framework",
				"${TARGET_BUILD_DIR}/${FRAMEWORKS_FOLDER_PATH}/PKHUD.framework",
				"${TARGET_BUILD_DIR}/${FRAMEWORKS_FOLDER_PATH}/PhoneNumberKit.framework",
				"${TARGET_BUILD_DIR}/${FRAMEWORKS_FOLDER_PATH}/QuickLayout.framework",
				"${TARGET_BUILD_DIR}/${FRAMEWORKS_FOLDER_PATH}/Result.framework",
				"${TARGET_BUILD_DIR}/${FRAMEWORKS_FOLDER_PATH}/RxCocoa.framework",
				"${TARGET_BUILD_DIR}/${FRAMEWORKS_FOLDER_PATH}/RxSwift.framework",
				"${TARGET_BUILD_DIR}/${FRAMEWORKS_FOLDER_PATH}/Schedule.framework",
				"${TARGET_BUILD_DIR}/${FRAMEWORKS_FOLDER_PATH}/SkeletonView.framework",
				"${TARGET_BUILD_DIR}/${FRAMEWORKS_FOLDER_PATH}/SnapKit.framework",
				"${TARGET_BUILD_DIR}/${FRAMEWORKS_FOLDER_PATH}/Spring.framework",
				"${TARGET_BUILD_DIR}/${FRAMEWORKS_FOLDER_PATH}/SwiftDate.framework",
				"${TARGET_BUILD_DIR}/${FRAMEWORKS_FOLDER_PATH}/SwiftEntryKit.framework",
				"${TARGET_BUILD_DIR}/${FRAMEWORKS_FOLDER_PATH}/SwiftTheme.framework",
				"${TARGET_BUILD_DIR}/${FRAMEWORKS_FOLDER_PATH}/SwiftyAttributes.framework",
				"${TARGET_BUILD_DIR}/${FRAMEWORKS_FOLDER_PATH}/SwiftyJSON.framework",
				"${TARGET_BUILD_DIR}/${FRAMEWORKS_FOLDER_PATH}/SwiftyUserDefaults.framework",
				"${TARGET_BUILD_DIR}/${FRAMEWORKS_FOLDER_PATH}/SwipeCellKit.framework",
				"${TARGET_BUILD_DIR}/${FRAMEWORKS_FOLDER_PATH}/Toolbar.framework",
				"${TARGET_BUILD_DIR}/${FRAMEWORKS_FOLDER_PATH}/ViewAnimator.framework",
				"${TARGET_BUILD_DIR}/${FRAMEWORKS_FOLDER_PATH}/WeScan.framework",
				"${TARGET_BUILD_DIR}/${FRAMEWORKS_FOLDER_PATH}/Whisper.framework",
			);
			runOnlyForDeploymentPostprocessing = 0;
			shellPath = /bin/sh;
			shellScript = "\"${SRCROOT}/Pods/Target Support Files/Pods-APP/Pods-APP-frameworks.sh\"\n";
			showEnvVarsInLog = 0;
		};
/* End PBXShellScriptBuildPhase section */

/* Begin PBXSourcesBuildPhase section */
		B4E5417C20BEA7E200646D5F /* Sources */ = {
			isa = PBXSourcesBuildPhase;
			buildActionMask = 2147483647;
			files = (
				B4CB1F7420F7672400C7C65D /* APP_PCH.swift in Sources */,
				B47758CF20EE39BB00D74C30 /* BaseNavigationController.swift in Sources */,
				B47758CC20EE337100D74C30 /* BaseTabBarController.swift in Sources */,
				B4B05DAB213D382A00BC3F4A /* TableViewExtension.swift in Sources */,
				B47758D720EE3EA200D74C30 /* HomePageViewController.swift in Sources */,
				B49A29322137915E00551684 /* ControllerExtension.swift in Sources */,
				B4E5418620BEA7E200646D5F /* ViewController.swift in Sources */,
				B47758DD20EE40DC00D74C30 /* HouseViewController.swift in Sources */,
				B4B05DAD213FB77B00BC3F4A /* BaseTabBarItemContentView.swift in Sources */,
				B49A29342137917C00551684 /* ViewExtension.swift in Sources */,
				B47758E520F34C7200D74C30 /* BaseRequest.swift in Sources */,
				B4E5418420BEA7E200646D5F /* AppDelegate.swift in Sources */,
				B47758E320EF51FB00D74C30 /* UIButtonExtension.swift in Sources */,
			);
			runOnlyForDeploymentPostprocessing = 0;
		};
		B4E5419020BEA7E300646D5F /* Sources */ = {
			isa = PBXSourcesBuildPhase;
			buildActionMask = 2147483647;
			files = (
				B4E5419920BEA7E300646D5F /* APPTests.swift in Sources */,
			);
			runOnlyForDeploymentPostprocessing = 0;
		};
		B4E5419B20BEA7E300646D5F /* Sources */ = {
			isa = PBXSourcesBuildPhase;
			buildActionMask = 2147483647;
			files = (
				B4E541A420BEA7E300646D5F /* APPUITests.swift in Sources */,
			);
			runOnlyForDeploymentPostprocessing = 0;
		};
/* End PBXSourcesBuildPhase section */

/* Begin PBXTargetDependency section */
		B4E5419620BEA7E300646D5F /* PBXTargetDependency */ = {
			isa = PBXTargetDependency;
			target = B4E5417F20BEA7E200646D5F /* APP */;
			targetProxy = B4E5419520BEA7E300646D5F /* PBXContainerItemProxy */;
		};
		B4E541A120BEA7E300646D5F /* PBXTargetDependency */ = {
			isa = PBXTargetDependency;
			target = B4E5417F20BEA7E200646D5F /* APP */;
			targetProxy = B4E541A020BEA7E300646D5F /* PBXContainerItemProxy */;
		};
/* End PBXTargetDependency section */

/* Begin PBXVariantGroup section */
		B4E5418C20BEA7E300646D5F /* LaunchScreen.storyboard */ = {
			isa = PBXVariantGroup;
			children = (
				B4E5418D20BEA7E300646D5F /* Base */,
			);
			name = LaunchScreen.storyboard;
			sourceTree = "<group>";
		};
/* End PBXVariantGroup section */

/* Begin XCBuildConfiguration section */
		B4E541A620BEA7E300646D5F /* Debug */ = {
			isa = XCBuildConfiguration;
			buildSettings = {
				ALWAYS_SEARCH_USER_PATHS = NO;
				CLANG_ANALYZER_NONNULL = YES;
				CLANG_ANALYZER_NUMBER_OBJECT_CONVERSION = YES_AGGRESSIVE;
				CLANG_CXX_LANGUAGE_STANDARD = "gnu++14";
				CLANG_CXX_LIBRARY = "libc++";
				CLANG_ENABLE_MODULES = YES;
				CLANG_ENABLE_OBJC_ARC = YES;
				CLANG_ENABLE_OBJC_WEAK = YES;
				CLANG_WARN_BLOCK_CAPTURE_AUTORELEASING = YES;
				CLANG_WARN_BOOL_CONVERSION = YES;
				CLANG_WARN_COMMA = YES;
				CLANG_WARN_CONSTANT_CONVERSION = YES;
				CLANG_WARN_DEPRECATED_OBJC_IMPLEMENTATIONS = YES;
				CLANG_WARN_DIRECT_OBJC_ISA_USAGE = YES_ERROR;
				CLANG_WARN_DOCUMENTATION_COMMENTS = YES;
				CLANG_WARN_EMPTY_BODY = YES;
				CLANG_WARN_ENUM_CONVERSION = YES;
				CLANG_WARN_INFINITE_RECURSION = YES;
				CLANG_WARN_INT_CONVERSION = YES;
				CLANG_WARN_NON_LITERAL_NULL_CONVERSION = YES;
				CLANG_WARN_OBJC_IMPLICIT_RETAIN_SELF = YES;
				CLANG_WARN_OBJC_LITERAL_CONVERSION = YES;
				CLANG_WARN_OBJC_ROOT_CLASS = YES_ERROR;
				CLANG_WARN_RANGE_LOOP_ANALYSIS = YES;
				CLANG_WARN_STRICT_PROTOTYPES = YES;
				CLANG_WARN_SUSPICIOUS_MOVE = YES;
				CLANG_WARN_UNGUARDED_AVAILABILITY = YES_AGGRESSIVE;
				CLANG_WARN_UNREACHABLE_CODE = YES;
				CLANG_WARN__DUPLICATE_METHOD_MATCH = YES;
				CODE_SIGN_IDENTITY = "iPhone Developer";
				COPY_PHASE_STRIP = NO;
				DEBUG_INFORMATION_FORMAT = dwarf;
				ENABLE_STRICT_OBJC_MSGSEND = YES;
				ENABLE_TESTABILITY = YES;
				GCC_C_LANGUAGE_STANDARD = gnu11;
				GCC_DYNAMIC_NO_PIC = NO;
				GCC_NO_COMMON_BLOCKS = YES;
				GCC_OPTIMIZATION_LEVEL = 0;
				GCC_PREPROCESSOR_DEFINITIONS = (
					"DEBUG=1",
					"$(inherited)",
				);
				GCC_WARN_64_TO_32_BIT_CONVERSION = YES;
				GCC_WARN_ABOUT_RETURN_TYPE = YES_ERROR;
				GCC_WARN_UNDECLARED_SELECTOR = YES;
				GCC_WARN_UNINITIALIZED_AUTOS = YES_AGGRESSIVE;
				GCC_WARN_UNUSED_FUNCTION = YES;
				GCC_WARN_UNUSED_VARIABLE = YES;
				IPHONEOS_DEPLOYMENT_TARGET = 11.4;
				MTL_ENABLE_DEBUG_INFO = YES;
				ONLY_ACTIVE_ARCH = YES;
				SDKROOT = iphoneos;
				SWIFT_ACTIVE_COMPILATION_CONDITIONS = DEBUG;
				SWIFT_OPTIMIZATION_LEVEL = "-Onone";
			};
			name = Debug;
		};
		B4E541A720BEA7E300646D5F /* Release */ = {
			isa = XCBuildConfiguration;
			buildSettings = {
				ALWAYS_SEARCH_USER_PATHS = NO;
				CLANG_ANALYZER_NONNULL = YES;
				CLANG_ANALYZER_NUMBER_OBJECT_CONVERSION = YES_AGGRESSIVE;
				CLANG_CXX_LANGUAGE_STANDARD = "gnu++14";
				CLANG_CXX_LIBRARY = "libc++";
				CLANG_ENABLE_MODULES = YES;
				CLANG_ENABLE_OBJC_ARC = YES;
				CLANG_ENABLE_OBJC_WEAK = YES;
				CLANG_WARN_BLOCK_CAPTURE_AUTORELEASING = YES;
				CLANG_WARN_BOOL_CONVERSION = YES;
				CLANG_WARN_COMMA = YES;
				CLANG_WARN_CONSTANT_CONVERSION = YES;
				CLANG_WARN_DEPRECATED_OBJC_IMPLEMENTATIONS = YES;
				CLANG_WARN_DIRECT_OBJC_ISA_USAGE = YES_ERROR;
				CLANG_WARN_DOCUMENTATION_COMMENTS = YES;
				CLANG_WARN_EMPTY_BODY = YES;
				CLANG_WARN_ENUM_CONVERSION = YES;
				CLANG_WARN_INFINITE_RECURSION = YES;
				CLANG_WARN_INT_CONVERSION = YES;
				CLANG_WARN_NON_LITERAL_NULL_CONVERSION = YES;
				CLANG_WARN_OBJC_IMPLICIT_RETAIN_SELF = YES;
				CLANG_WARN_OBJC_LITERAL_CONVERSION = YES;
				CLANG_WARN_OBJC_ROOT_CLASS = YES_ERROR;
				CLANG_WARN_RANGE_LOOP_ANALYSIS = YES;
				CLANG_WARN_STRICT_PROTOTYPES = YES;
				CLANG_WARN_SUSPICIOUS_MOVE = YES;
				CLANG_WARN_UNGUARDED_AVAILABILITY = YES_AGGRESSIVE;
				CLANG_WARN_UNREACHABLE_CODE = YES;
				CLANG_WARN__DUPLICATE_METHOD_MATCH = YES;
				CODE_SIGN_IDENTITY = "iPhone Developer";
				COPY_PHASE_STRIP = NO;
				DEBUG_INFORMATION_FORMAT = "dwarf-with-dsym";
				ENABLE_NS_ASSERTIONS = NO;
				ENABLE_STRICT_OBJC_MSGSEND = YES;
				GCC_C_LANGUAGE_STANDARD = gnu11;
				GCC_NO_COMMON_BLOCKS = YES;
				GCC_WARN_64_TO_32_BIT_CONVERSION = YES;
				GCC_WARN_ABOUT_RETURN_TYPE = YES_ERROR;
				GCC_WARN_UNDECLARED_SELECTOR = YES;
				GCC_WARN_UNINITIALIZED_AUTOS = YES_AGGRESSIVE;
				GCC_WARN_UNUSED_FUNCTION = YES;
				GCC_WARN_UNUSED_VARIABLE = YES;
				IPHONEOS_DEPLOYMENT_TARGET = 11.4;
				MTL_ENABLE_DEBUG_INFO = NO;
				SDKROOT = iphoneos;
				SWIFT_COMPILATION_MODE = wholemodule;
				SWIFT_OPTIMIZATION_LEVEL = "-O";
				VALIDATE_PRODUCT = YES;
			};
			name = Release;
		};
		B4E541A920BEA7E300646D5F /* Debug */ = {
			isa = XCBuildConfiguration;
			baseConfigurationReference = B7F157EFDBFD1C674003C78C /* Pods-APP.debug.xcconfig */;
			buildSettings = {
				ASSETCATALOG_COMPILER_APPICON_NAME = AppIcon;
				CODE_SIGN_IDENTITY = "iPhone Developer";
				CODE_SIGN_STYLE = Automatic;
				DEVELOPMENT_TEAM = "";
				INFOPLIST_FILE = "$(SRCROOT)/APP/Source/Info.plist";
				IPHONEOS_DEPLOYMENT_TARGET = 10.0;
				LD_RUNPATH_SEARCH_PATHS = (
					"$(inherited)",
					"@executable_path/Frameworks",
				);
				PRODUCT_BUNDLE_IDENTIFIER = Funny.APP;
				PRODUCT_NAME = "$(TARGET_NAME)";
				PROVISIONING_PROFILE_SPECIFIER = "";
				SWIFT_VERSION = 4.0;
				TARGETED_DEVICE_FAMILY = "1,2";
			};
			name = Debug;
		};
		B4E541AA20BEA7E300646D5F /* Release */ = {
			isa = XCBuildConfiguration;
			baseConfigurationReference = 79E1BD5B15020D91428C4CE9 /* Pods-APP.release.xcconfig */;
			buildSettings = {
				ASSETCATALOG_COMPILER_APPICON_NAME = AppIcon;
				CODE_SIGN_IDENTITY = "iPhone Developer";
				CODE_SIGN_STYLE = Automatic;
				DEVELOPMENT_TEAM = "";
				INFOPLIST_FILE = "$(SRCROOT)/APP/Source/Info.plist";
				IPHONEOS_DEPLOYMENT_TARGET = 10.0;
				LD_RUNPATH_SEARCH_PATHS = (
					"$(inherited)",
					"@executable_path/Frameworks",
				);
				PRODUCT_BUNDLE_IDENTIFIER = Funny.APP;
				PRODUCT_NAME = "$(TARGET_NAME)";
				PROVISIONING_PROFILE_SPECIFIER = "";
				SWIFT_VERSION = 4.0;
				TARGETED_DEVICE_FAMILY = "1,2";
			};
			name = Release;
		};
		B4E541AC20BEA7E300646D5F /* Debug */ = {
			isa = XCBuildConfiguration;
			buildSettings = {
				ALWAYS_EMBED_SWIFT_STANDARD_LIBRARIES = YES;
				BUNDLE_LOADER = "$(TEST_HOST)";
				CODE_SIGN_STYLE = Automatic;
				INFOPLIST_FILE = APPTests/Info.plist;
				LD_RUNPATH_SEARCH_PATHS = (
					"$(inherited)",
					"@executable_path/Frameworks",
					"@loader_path/Frameworks",
				);
				PRODUCT_BUNDLE_IDENTIFIER = Funny.APPTests;
				PRODUCT_NAME = "$(TARGET_NAME)";
				SWIFT_VERSION = 4.0;
				TARGETED_DEVICE_FAMILY = "1,2";
				TEST_HOST = "$(BUILT_PRODUCTS_DIR)/APP.app/APP";
			};
			name = Debug;
		};
		B4E541AD20BEA7E300646D5F /* Release */ = {
			isa = XCBuildConfiguration;
			buildSettings = {
				ALWAYS_EMBED_SWIFT_STANDARD_LIBRARIES = YES;
				BUNDLE_LOADER = "$(TEST_HOST)";
				CODE_SIGN_STYLE = Automatic;
				INFOPLIST_FILE = APPTests/Info.plist;
				LD_RUNPATH_SEARCH_PATHS = (
					"$(inherited)",
					"@executable_path/Frameworks",
					"@loader_path/Frameworks",
				);
				PRODUCT_BUNDLE_IDENTIFIER = Funny.APPTests;
				PRODUCT_NAME = "$(TARGET_NAME)";
				SWIFT_VERSION = 4.0;
				TARGETED_DEVICE_FAMILY = "1,2";
				TEST_HOST = "$(BUILT_PRODUCTS_DIR)/APP.app/APP";
			};
			name = Release;
		};
		B4E541AF20BEA7E300646D5F /* Debug */ = {
			isa = XCBuildConfiguration;
			buildSettings = {
				ALWAYS_EMBED_SWIFT_STANDARD_LIBRARIES = YES;
				CODE_SIGN_STYLE = Automatic;
				INFOPLIST_FILE = APPUITests/Info.plist;
				LD_RUNPATH_SEARCH_PATHS = (
					"$(inherited)",
					"@executable_path/Frameworks",
					"@loader_path/Frameworks",
				);
				PRODUCT_BUNDLE_IDENTIFIER = Funny.APPUITests;
				PRODUCT_NAME = "$(TARGET_NAME)";
				SWIFT_VERSION = 4.0;
				TARGETED_DEVICE_FAMILY = "1,2";
				TEST_TARGET_NAME = APP;
			};
			name = Debug;
		};
		B4E541B020BEA7E300646D5F /* Release */ = {
			isa = XCBuildConfiguration;
			buildSettings = {
				ALWAYS_EMBED_SWIFT_STANDARD_LIBRARIES = YES;
				CODE_SIGN_STYLE = Automatic;
				INFOPLIST_FILE = APPUITests/Info.plist;
				LD_RUNPATH_SEARCH_PATHS = (
					"$(inherited)",
					"@executable_path/Frameworks",
					"@loader_path/Frameworks",
				);
				PRODUCT_BUNDLE_IDENTIFIER = Funny.APPUITests;
				PRODUCT_NAME = "$(TARGET_NAME)";
				SWIFT_VERSION = 4.0;
				TARGETED_DEVICE_FAMILY = "1,2";
				TEST_TARGET_NAME = APP;
			};
			name = Release;
		};
/* End XCBuildConfiguration section */

/* Begin XCConfigurationList section */
		B4E5417B20BEA7E200646D5F /* Build configuration list for PBXProject "APP" */ = {
			isa = XCConfigurationList;
			buildConfigurations = (
				B4E541A620BEA7E300646D5F /* Debug */,
				B4E541A720BEA7E300646D5F /* Release */,
			);
			defaultConfigurationIsVisible = 0;
			defaultConfigurationName = Release;
		};
		B4E541A820BEA7E300646D5F /* Build configuration list for PBXNativeTarget "APP" */ = {
			isa = XCConfigurationList;
			buildConfigurations = (
				B4E541A920BEA7E300646D5F /* Debug */,
				B4E541AA20BEA7E300646D5F /* Release */,
			);
			defaultConfigurationIsVisible = 0;
			defaultConfigurationName = Release;
		};
		B4E541AB20BEA7E300646D5F /* Build configuration list for PBXNativeTarget "APPTests" */ = {
			isa = XCConfigurationList;
			buildConfigurations = (
				B4E541AC20BEA7E300646D5F /* Debug */,
				B4E541AD20BEA7E300646D5F /* Release */,
			);
			defaultConfigurationIsVisible = 0;
			defaultConfigurationName = Release;
		};
		B4E541AE20BEA7E300646D5F /* Build configuration list for PBXNativeTarget "APPUITests" */ = {
			isa = XCConfigurationList;
			buildConfigurations = (
				B4E541AF20BEA7E300646D5F /* Debug */,
				B4E541B020BEA7E300646D5F /* Release */,
			);
			defaultConfigurationIsVisible = 0;
			defaultConfigurationName = Release;
		};
/* End XCConfigurationList section */
	};
	rootObject = B4E5417820BEA7E200646D5F /* Project object */;
}
